dependencies:
- name: dex
  repository: https://kubernetes-charts.storage.googleapis.com
  version: 2.11.0
- name: httpbin
  repository: https://conservis.github.io/helm-charts
  version: 1.0.1
- name: hello-world
  repository: https://conservis.github.io/helm-charts
  version: 1.0.1
digest: sha256:b7508af37c42c1343b144736f5b414a6881f95922aadb9782762a0be658fe49c
generated: "2020-08-29T20:15:21.286155-04:00"
